
Microsoft Visual Studio Solution File, Format Version 12.00
# Visual Studio 15
VisualStudioVersion = 15.0.27703.2000
MinimumVisualStudioVersion = 10.0.40219.1
Project("{FAE04EC0-301F-11D3-BF4B-00C04F79EFBC}") = "TallyFriends", "TallyFriends\TallyFriends.csproj", "{5FF49980-C8FA-4F35-AF30-4E2127EAEED3}"
EndProject
Global
	GlobalSection(SolutionConfigurationPlatforms) = preSolution
		Debug|Any CPU = Debug|Any CPU
		Release|Any CPU = Release|Any CPU
	EndGlobalSection
	GlobalSection(ProjectConfigurationPlatforms) = postSolution
		{5FF49980-C8FA-4F35-AF30-4E2127EAEED3}.Debug|Any CPU.ActiveCfg = Debug|Any CPU
		{5FF49980-C8FA-4F35-AF30-4E2127EAEED3}.Debug|Any CPU.Build.0 = Debug|Any CPU
		{5FF49980-C8FA-4F35-AF30-4E2127EAEED3}.Release|Any CPU.ActiveCfg = Release|Any CPU
		{5FF49980-C8FA-4F35-AF30-4E2127EAEED3}.Release|Any CPU.Build.0 = Release|Any CPU
	EndGlobalSection
	GlobalSection(SolutionProperties) = preSolution
		HideSolutionNode = FALSE
	EndGlobalSection
	GlobalSection(ExtensibilityGlobals) = postSolution
		SolutionGuid = {351A6F0B-EC51-4491-8049-9E4C8056838C}
	EndGlobalSection
EndGlobal
